// !$*UTF8*$!
{
	archiveVersion = 1;
	classes = {
	};
	objectVersion = 50;
	objects = {

/* Begin PBXBuildFile section */
		491B270F24E68A7F0050C316 /* UIView+extensions.swift in Sources */ = {isa = PBXBuildFile; fileRef = 491B270E24E68A7F0050C316 /* UIView+extensions.swift */; };
		491B271124EA57D70050C316 /* Video.swift in Sources */ = {isa = PBXBuildFile; fileRef = 491B271024EA57D70050C316 /* Video.swift */; };
		491B271424EA58610050C316 /* VideoManager.swift in Sources */ = {isa = PBXBuildFile; fileRef = 491B271324EA58610050C316 /* VideoManager.swift */; };
		491B271624EA58C90050C316 /* videos.json in Resources */ = {isa = PBXBuildFile; fileRef = 491B271524EA58C90050C316 /* videos.json */; };
		491B271924EA591C0050C316 /* VideoError.swift in Sources */ = {isa = PBXBuildFile; fileRef = 491B271824EA591C0050C316 /* VideoError.swift */; };
		4923C94824DD3F5F00474A4F /* AppDelegate.swift in Sources */ = {isa = PBXBuildFile; fileRef = 4923C94724DD3F5F00474A4F /* AppDelegate.swift */; };
		4923C94A24DD3F5F00474A4F /* SceneDelegate.swift in Sources */ = {isa = PBXBuildFile; fileRef = 4923C94924DD3F5F00474A4F /* SceneDelegate.swift */; };
		4923C94C24DD3F5F00474A4F /* ViewController.swift in Sources */ = {isa = PBXBuildFile; fileRef = 4923C94B24DD3F5F00474A4F /* ViewController.swift */; };
		4923C94F24DD3F5F00474A4F /* Main.storyboard in Resources */ = {isa = PBXBuildFile; fileRef = 4923C94D24DD3F5F00474A4F /* Main.storyboard */; };
		4923C95124DD3F6100474A4F /* Assets.xcassets in Resources */ = {isa = PBXBuildFile; fileRef = 4923C95024DD3F6100474A4F /* Assets.xcassets */; };
		4923C95424DD3F6100474A4F /* LaunchScreen.storyboard in Resources */ = {isa = PBXBuildFile; fileRef = 4923C95224DD3F6100474A4F /* LaunchScreen.storyboard */; };
		4923C95F24DD3F6100474A4F /* TheVideoPlayerTests.swift in Sources */ = {isa = PBXBuildFile; fileRef = 4923C95E24DD3F6100474A4F /* TheVideoPlayerTests.swift */; };
		4923C97324DD4C6B00474A4F /* ControlView.swift in Sources */ = {isa = PBXBuildFile; fileRef = 4923C97224DD4C6B00474A4F /* ControlView.swift */; };
		49531E9524EA6430006E9D18 /* VideosViewController.swift in Sources */ = {isa = PBXBuildFile; fileRef = 49531E9424EA6430006E9D18 /* VideosViewController.swift */; };
		49531E9724EA662D006E9D18 /* Collection+extensions.swift in Sources */ = {isa = PBXBuildFile; fileRef = 49531E9624EA662D006E9D18 /* Collection+extensions.swift */; };
		4993065424DD4F8100F46703 /* PlayerView.swift in Sources */ = {isa = PBXBuildFile; fileRef = 4993065324DD4F8100F46703 /* PlayerView.swift */; };
		4993065724DD865900F46703 /* PlayerError.swift in Sources */ = {isa = PBXBuildFile; fileRef = 4993065624DD865900F46703 /* PlayerError.swift */; };
		4993065A24E4127B00F46703 /* Configuration.swift in Sources */ = {isa = PBXBuildFile; fileRef = 4993065924E4127B00F46703 /* Configuration.swift */; };
		4993065D24E412EA00F46703 /* NowPlayable.swift in Sources */ = {isa = PBXBuildFile; fileRef = 4993065C24E412EA00F46703 /* NowPlayable.swift */; };
		4993066024E4139900F46703 /* NowPlayableMetaData.swift in Sources */ = {isa = PBXBuildFile; fileRef = 4993065F24E4139900F46703 /* NowPlayableMetaData.swift */; };
		4993066224E414A800F46703 /* NowPlayableCommand.swift in Sources */ = {isa = PBXBuildFile; fileRef = 4993066124E414A800F46703 /* NowPlayableCommand.swift */; };
		4993066424E41C8600F46703 /* NowPlayableError.swift in Sources */ = {isa = PBXBuildFile; fileRef = 4993066324E41C8600F46703 /* NowPlayableError.swift */; };
		4993066924E4293300F46703 /* NowPlayingBehavior.swift in Sources */ = {isa = PBXBuildFile; fileRef = 4993066824E4293300F46703 /* NowPlayingBehavior.swift */; };
		4993066B24E42A4D00F46703 /* ConfigurationAsset.swift in Sources */ = {isa = PBXBuildFile; fileRef = 4993066A24E42A4D00F46703 /* ConfigurationAsset.swift */; };
		4993066E24E42FCB00F46703 /* AssetPlayer.swift in Sources */ = {isa = PBXBuildFile; fileRef = 4993066D24E42FCB00F46703 /* AssetPlayer.swift */; };
		4993067024E5277400F46703 /* ConfigCommand.swift in Sources */ = {isa = PBXBuildFile; fileRef = 4993066F24E5277400F46703 /* ConfigCommand.swift */; };
/* End PBXBuildFile section */

/* Begin PBXContainerItemProxy section */
		4923C95B24DD3F6100474A4F /* PBXContainerItemProxy */ = {
			isa = PBXContainerItemProxy;
			containerPortal = 4923C93C24DD3F5F00474A4F /* Project object */;
			proxyType = 1;
			remoteGlobalIDString = 4923C94324DD3F5F00474A4F;
			remoteInfo = TheVideoPlayer;
		};
/* End PBXContainerItemProxy section */

/* Begin PBXFileReference section */
		491B270E24E68A7F0050C316 /* UIView+extensions.swift */ = {isa = PBXFileReference; lastKnownFileType = sourcecode.swift; path = "UIView+extensions.swift"; sourceTree = "<group>"; };
		491B271024EA57D70050C316 /* Video.swift */ = {isa = PBXFileReference; lastKnownFileType = sourcecode.swift; path = Video.swift; sourceTree = "<group>"; };
		491B271324EA58610050C316 /* VideoManager.swift */ = {isa = PBXFileReference; lastKnownFileType = sourcecode.swift; path = VideoManager.swift; sourceTree = "<group>"; };
		491B271524EA58C90050C316 /* videos.json */ = {isa = PBXFileReference; fileEncoding = 4; lastKnownFileType = text.json; path = videos.json; sourceTree = "<group>"; };
		491B271824EA591C0050C316 /* VideoError.swift */ = {isa = PBXFileReference; lastKnownFileType = sourcecode.swift; path = VideoError.swift; sourceTree = "<group>"; };
		4923C94424DD3F5F00474A4F /* TheVideoPlayer.app */ = {isa = PBXFileReference; explicitFileType = wrapper.application; includeInIndex = 0; path = TheVideoPlayer.app; sourceTree = BUILT_PRODUCTS_DIR; };
		4923C94724DD3F5F00474A4F /* AppDelegate.swift */ = {isa = PBXFileReference; lastKnownFileType = sourcecode.swift; path = AppDelegate.swift; sourceTree = "<group>"; };
		4923C94924DD3F5F00474A4F /* SceneDelegate.swift */ = {isa = PBXFileReference; lastKnownFileType = sourcecode.swift; path = SceneDelegate.swift; sourceTree = "<group>"; };
		4923C94B24DD3F5F00474A4F /* ViewController.swift */ = {isa = PBXFileReference; lastKnownFileType = sourcecode.swift; path = ViewController.swift; sourceTree = "<group>"; };
		4923C94E24DD3F5F00474A4F /* Base */ = {isa = PBXFileReference; lastKnownFileType = file.storyboard; name = Base; path = Base.lproj/Main.storyboard; sourceTree = "<group>"; };
		4923C95024DD3F6100474A4F /* Assets.xcassets */ = {isa = PBXFileReference; lastKnownFileType = folder.assetcatalog; path = Assets.xcassets; sourceTree = "<group>"; };
		4923C95324DD3F6100474A4F /* Base */ = {isa = PBXFileReference; lastKnownFileType = file.storyboard; name = Base; path = Base.lproj/LaunchScreen.storyboard; sourceTree = "<group>"; };
		4923C95524DD3F6100474A4F /* Info.plist */ = {isa = PBXFileReference; lastKnownFileType = text.plist.xml; path = Info.plist; sourceTree = "<group>"; };
		4923C95A24DD3F6100474A4F /* TheVideoPlayerTests.xctest */ = {isa = PBXFileReference; explicitFileType = wrapper.cfbundle; includeInIndex = 0; path = TheVideoPlayerTests.xctest; sourceTree = BUILT_PRODUCTS_DIR; };
		4923C95E24DD3F6100474A4F /* TheVideoPlayerTests.swift */ = {isa = PBXFileReference; lastKnownFileType = sourcecode.swift; path = TheVideoPlayerTests.swift; sourceTree = "<group>"; };
		4923C96024DD3F6100474A4F /* Info.plist */ = {isa = PBXFileReference; lastKnownFileType = text.plist.xml; path = Info.plist; sourceTree = "<group>"; };
		4923C97224DD4C6B00474A4F /* ControlView.swift */ = {isa = PBXFileReference; lastKnownFileType = sourcecode.swift; path = ControlView.swift; sourceTree = "<group>"; };
		49531E9424EA6430006E9D18 /* VideosViewController.swift */ = {isa = PBXFileReference; lastKnownFileType = sourcecode.swift; path = VideosViewController.swift; sourceTree = "<group>"; };
		49531E9624EA662D006E9D18 /* Collection+extensions.swift */ = {isa = PBXFileReference; lastKnownFileType = sourcecode.swift; path = "Collection+extensions.swift"; sourceTree = "<group>"; };
		4993065324DD4F8100F46703 /* PlayerView.swift */ = {isa = PBXFileReference; lastKnownFileType = sourcecode.swift; path = PlayerView.swift; sourceTree = "<group>"; };
		4993065624DD865900F46703 /* PlayerError.swift */ = {isa = PBXFileReference; lastKnownFileType = sourcecode.swift; path = PlayerError.swift; sourceTree = "<group>"; };
		4993065924E4127B00F46703 /* Configuration.swift */ = {isa = PBXFileReference; lastKnownFileType = sourcecode.swift; path = Configuration.swift; sourceTree = "<group>"; };
		4993065C24E412EA00F46703 /* NowPlayable.swift */ = {isa = PBXFileReference; lastKnownFileType = sourcecode.swift; path = NowPlayable.swift; sourceTree = "<group>"; };
		4993065F24E4139900F46703 /* NowPlayableMetaData.swift */ = {isa = PBXFileReference; lastKnownFileType = sourcecode.swift; path = NowPlayableMetaData.swift; sourceTree = "<group>"; };
		4993066124E414A800F46703 /* NowPlayableCommand.swift */ = {isa = PBXFileReference; lastKnownFileType = sourcecode.swift; path = NowPlayableCommand.swift; sourceTree = "<group>"; };
		4993066324E41C8600F46703 /* NowPlayableError.swift */ = {isa = PBXFileReference; lastKnownFileType = sourcecode.swift; path = NowPlayableError.swift; sourceTree = "<group>"; };
		4993066824E4293300F46703 /* NowPlayingBehavior.swift */ = {isa = PBXFileReference; lastKnownFileType = sourcecode.swift; path = NowPlayingBehavior.swift; sourceTree = "<group>"; };
		4993066A24E42A4D00F46703 /* ConfigurationAsset.swift */ = {isa = PBXFileReference; lastKnownFileType = sourcecode.swift; path = ConfigurationAsset.swift; sourceTree = "<group>"; };
		4993066D24E42FCB00F46703 /* AssetPlayer.swift */ = {isa = PBXFileReference; lastKnownFileType = sourcecode.swift; path = AssetPlayer.swift; sourceTree = "<group>"; };
		4993066F24E5277400F46703 /* ConfigCommand.swift */ = {isa = PBXFileReference; lastKnownFileType = sourcecode.swift; path = ConfigCommand.swift; sourceTree = "<group>"; };
/* End PBXFileReference section */

/* Begin PBXFrameworksBuildPhase section */
		4923C94124DD3F5F00474A4F /* Frameworks */ = {
			isa = PBXFrameworksBuildPhase;
			buildActionMask = 2147483647;
			files = (
			);
			runOnlyForDeploymentPostprocessing = 0;
		};
		4923C95724DD3F6100474A4F /* Frameworks */ = {
			isa = PBXFrameworksBuildPhase;
			buildActionMask = 2147483647;
			files = (
			);
			runOnlyForDeploymentPostprocessing = 0;
		};
/* End PBXFrameworksBuildPhase section */

/* Begin PBXGroup section */
		491B270D24E68A6A0050C316 /* Extensions */ = {
			isa = PBXGroup;
			children = (
				491B270E24E68A7F0050C316 /* UIView+extensions.swift */,
				49531E9624EA662D006E9D18 /* Collection+extensions.swift */,
			);
			path = Extensions;
			sourceTree = "<group>";
		};
		491B271724EA58F80050C316 /* Video */ = {
			isa = PBXGroup;
			children = (
				491B271324EA58610050C316 /* VideoManager.swift */,
				491B271824EA591C0050C316 /* VideoError.swift */,
			);
			path = Video;
			sourceTree = "<group>";
		};
		4923C93B24DD3F5F00474A4F = {
			isa = PBXGroup;
			children = (
				4923C94624DD3F5F00474A4F /* TheVideoPlayer */,
				4923C95D24DD3F6100474A4F /* TheVideoPlayerTests */,
				4923C94524DD3F5F00474A4F /* Products */,
			);
			sourceTree = "<group>";
		};
		4923C94524DD3F5F00474A4F /* Products */ = {
			isa = PBXGroup;
			children = (
				4923C94424DD3F5F00474A4F /* TheVideoPlayer.app */,
				4923C95A24DD3F6100474A4F /* TheVideoPlayerTests.xctest */,
			);
			name = Products;
			sourceTree = "<group>";
		};
		4923C94624DD3F5F00474A4F /* TheVideoPlayer */ = {
			isa = PBXGroup;
			children = (
				491B270D24E68A6A0050C316 /* Extensions */,
				4993065E24E4138B00F46703 /* Models */,
				4923C95524DD3F6100474A4F /* Info.plist */,
				4923C94724DD3F5F00474A4F /* AppDelegate.swift */,
				4923C94924DD3F5F00474A4F /* SceneDelegate.swift */,
				4923C96924DD447700474A4F /* Resources */,
				4923C97424DD4C8900474A4F /* Storyboards */,
				4993065824E4125600F46703 /* Utils */,
				4923C96E24DD4A5700474A4F /* Views */,
			);
			path = TheVideoPlayer;
			sourceTree = "<group>";
		};
		4923C95D24DD3F6100474A4F /* TheVideoPlayerTests */ = {
			isa = PBXGroup;
			children = (
				4923C95E24DD3F6100474A4F /* TheVideoPlayerTests.swift */,
				4923C96024DD3F6100474A4F /* Info.plist */,
			);
			path = TheVideoPlayerTests;
			sourceTree = "<group>";
		};
		4923C96924DD447700474A4F /* Resources */ = {
			isa = PBXGroup;
			children = (
				491B271524EA58C90050C316 /* videos.json */,
				4923C95024DD3F6100474A4F /* Assets.xcassets */,
			);
			path = Resources;
			sourceTree = "<group>";
		};
		4923C96E24DD4A5700474A4F /* Views */ = {
			isa = PBXGroup;
			children = (
				4923C97524DD4C9B00474A4F /* ViewControllers */,
				4923C97224DD4C6B00474A4F /* ControlView.swift */,
				4993065324DD4F8100F46703 /* PlayerView.swift */,
			);
			path = Views;
			sourceTree = "<group>";
		};
		4923C97424DD4C8900474A4F /* Storyboards */ = {
			isa = PBXGroup;
			children = (
				4923C94D24DD3F5F00474A4F /* Main.storyboard */,
				4923C95224DD3F6100474A4F /* LaunchScreen.storyboard */,
			);
			path = Storyboards;
			sourceTree = "<group>";
		};
		4923C97524DD4C9B00474A4F /* ViewControllers */ = {
			isa = PBXGroup;
			children = (
				49531E9424EA6430006E9D18 /* VideosViewController.swift */,
				4923C94B24DD3F5F00474A4F /* ViewController.swift */,
			);
			path = ViewControllers;
			sourceTree = "<group>";
		};
		4993065824E4125600F46703 /* Utils */ = {
			isa = PBXGroup;
			children = (
				491B271724EA58F80050C316 /* Video */,
				4993066C24E42F9700F46703 /* Player */,
				4993066624E4288F00F46703 /* Configuration */,
				4993066524E4280A00F46703 /* NowPlayable */,
			);
			path = Utils;
			sourceTree = "<group>";
		};
		4993065E24E4138B00F46703 /* Models */ = {
			isa = PBXGroup;
			children = (
				491B271024EA57D70050C316 /* Video.swift */,
			);
			path = Models;
			sourceTree = "<group>";
		};
		4993066524E4280A00F46703 /* NowPlayable */ = {
			isa = PBXGroup;
			children = (
				4993065C24E412EA00F46703 /* NowPlayable.swift */,
				4993066124E414A800F46703 /* NowPlayableCommand.swift */,
				4993065F24E4139900F46703 /* NowPlayableMetaData.swift */,
				4993066324E41C8600F46703 /* NowPlayableError.swift */,
				4993066824E4293300F46703 /* NowPlayingBehavior.swift */,
			);
			path = NowPlayable;
			sourceTree = "<group>";
		};
		4993066624E4288F00F46703 /* Configuration */ = {
			isa = PBXGroup;
			children = (
				4993065924E4127B00F46703 /* Configuration.swift */,
				4993066A24E42A4D00F46703 /* ConfigurationAsset.swift */,
				4993066F24E5277400F46703 /* ConfigCommand.swift */,
			);
			path = Configuration;
			sourceTree = "<group>";
		};
		4993066C24E42F9700F46703 /* Player */ = {
			isa = PBXGroup;
			children = (
				4993066D24E42FCB00F46703 /* AssetPlayer.swift */,
				4993065624DD865900F46703 /* PlayerError.swift */,
			);
			path = Player;
			sourceTree = "<group>";
		};
/* End PBXGroup section */

/* Begin PBXNativeTarget section */
		4923C94324DD3F5F00474A4F /* TheVideoPlayer */ = {
			isa = PBXNativeTarget;
			buildConfigurationList = 4923C96324DD3F6100474A4F /* Build configuration list for PBXNativeTarget "TheVideoPlayer" */;
			buildPhases = (
				4923C94024DD3F5F00474A4F /* Sources */,
				4923C94124DD3F5F00474A4F /* Frameworks */,
				4923C94224DD3F5F00474A4F /* Resources */,
			);
			buildRules = (
			);
			dependencies = (
			);
			name = TheVideoPlayer;
			productName = TheVideoPlayer;
			productReference = 4923C94424DD3F5F00474A4F /* TheVideoPlayer.app */;
			productType = "com.apple.product-type.application";
		};
		4923C95924DD3F6100474A4F /* TheVideoPlayerTests */ = {
			isa = PBXNativeTarget;
			buildConfigurationList = 4923C96624DD3F6100474A4F /* Build configuration list for PBXNativeTarget "TheVideoPlayerTests" */;
			buildPhases = (
				4923C95624DD3F6100474A4F /* Sources */,
				4923C95724DD3F6100474A4F /* Frameworks */,
				4923C95824DD3F6100474A4F /* Resources */,
			);
			buildRules = (
			);
			dependencies = (
				4923C95C24DD3F6100474A4F /* PBXTargetDependency */,
			);
			name = TheVideoPlayerTests;
			productName = TheVideoPlayerTests;
			productReference = 4923C95A24DD3F6100474A4F /* TheVideoPlayerTests.xctest */;
			productType = "com.apple.product-type.bundle.unit-test";
		};
/* End PBXNativeTarget section */

/* Begin PBXProject section */
		4923C93C24DD3F5F00474A4F /* Project object */ = {
			isa = PBXProject;
			attributes = {
				LastSwiftUpdateCheck = 1150;
				LastUpgradeCheck = 1150;
				ORGANIZATIONNAME = "Knowit Mobile";
				TargetAttributes = {
					4923C94324DD3F5F00474A4F = {
						CreatedOnToolsVersion = 11.5;
					};
					4923C95924DD3F6100474A4F = {
						CreatedOnToolsVersion = 11.5;
						TestTargetID = 4923C94324DD3F5F00474A4F;
					};
				};
			};
			buildConfigurationList = 4923C93F24DD3F5F00474A4F /* Build configuration list for PBXProject "TheVideoPlayer" */;
			compatibilityVersion = "Xcode 9.3";
			developmentRegion = en;
			hasScannedForEncodings = 0;
			knownRegions = (
				en,
				Base,
			);
			mainGroup = 4923C93B24DD3F5F00474A4F;
			productRefGroup = 4923C94524DD3F5F00474A4F /* Products */;
			projectDirPath = "";
			projectRoot = "";
			targets = (
				4923C94324DD3F5F00474A4F /* TheVideoPlayer */,
				4923C95924DD3F6100474A4F /* TheVideoPlayerTests */,
			);
		};
/* End PBXProject section */

/* Begin PBXResourcesBuildPhase section */
		4923C94224DD3F5F00474A4F /* Resources */ = {
			isa = PBXResourcesBuildPhase;
			buildActionMask = 2147483647;
			files = (
				4923C95424DD3F6100474A4F /* LaunchScreen.storyboard in Resources */,
				491B271624EA58C90050C316 /* videos.json in Resources */,
				4923C95124DD3F6100474A4F /* Assets.xcassets in Resources */,
				4923C94F24DD3F5F00474A4F /* Main.storyboard in Resources */,
			);
			runOnlyForDeploymentPostprocessing = 0;
		};
		4923C95824DD3F6100474A4F /* Resources */ = {
			isa = PBXResourcesBuildPhase;
			buildActionMask = 2147483647;
			files = (
			);
			runOnlyForDeploymentPostprocessing = 0;
		};
/* End PBXResourcesBuildPhase section */

/* Begin PBXSourcesBuildPhase section */
		4923C94024DD3F5F00474A4F /* Sources */ = {
			isa = PBXSourcesBuildPhase;
			buildActionMask = 2147483647;
			files = (
				4923C94C24DD3F5F00474A4F /* ViewController.swift in Sources */,
				491B271124EA57D70050C316 /* Video.swift in Sources */,
				4993067024E5277400F46703 /* ConfigCommand.swift in Sources */,
				4993066924E4293300F46703 /* NowPlayingBehavior.swift in Sources */,
				4993066224E414A800F46703 /* NowPlayableCommand.swift in Sources */,
				4923C94824DD3F5F00474A4F /* AppDelegate.swift in Sources */,
				4923C94A24DD3F5F00474A4F /* SceneDelegate.swift in Sources */,
				491B270F24E68A7F0050C316 /* UIView+extensions.swift in Sources */,
				49531E9724EA662D006E9D18 /* Collection+extensions.swift in Sources */,
				4993065D24E412EA00F46703 /* NowPlayable.swift in Sources */,
				4993065424DD4F8100F46703 /* PlayerView.swift in Sources */,
				49531E9524EA6430006E9D18 /* VideosViewController.swift in Sources */,
				4993066424E41C8600F46703 /* NowPlayableError.swift in Sources */,
				491B271424EA58610050C316 /* VideoManager.swift in Sources */,
				4993065724DD865900F46703 /* PlayerError.swift in Sources */,
				4993066E24E42FCB00F46703 /* AssetPlayer.swift in Sources */,
				4993066B24E42A4D00F46703 /* ConfigurationAsset.swift in Sources */,
				491B271924EA591C0050C316 /* VideoError.swift in Sources */,
				4993066024E4139900F46703 /* NowPlayableMetaData.swift in Sources */,
				4993065A24E4127B00F46703 /* Configuration.swift in Sources */,
				4923C97324DD4C6B00474A4F /* ControlView.swift in Sources */,
			);
			runOnlyForDeploymentPostprocessing = 0;
		};
		4923C95624DD3F6100474A4F /* Sources */ = {
			isa = PBXSourcesBuildPhase;
			buildActionMask = 2147483647;
			files = (
				4923C95F24DD3F6100474A4F /* TheVideoPlayerTests.swift in Sources */,
			);
			runOnlyForDeploymentPostprocessing = 0;
		};
/* End PBXSourcesBuildPhase section */

/* Begin PBXTargetDependency section */
		4923C95C24DD3F6100474A4F /* PBXTargetDependency */ = {
			isa = PBXTargetDependency;
			target = 4923C94324DD3F5F00474A4F /* TheVideoPlayer */;
			targetProxy = 4923C95B24DD3F6100474A4F /* PBXContainerItemProxy */;
		};
/* End PBXTargetDependency section */

/* Begin PBXVariantGroup section */
		4923C94D24DD3F5F00474A4F /* Main.storyboard */ = {
			isa = PBXVariantGroup;
			children = (
				4923C94E24DD3F5F00474A4F /* Base */,
			);
			name = Main.storyboard;
			sourceTree = "<group>";
		};
		4923C95224DD3F6100474A4F /* LaunchScreen.storyboard */ = {
			isa = PBXVariantGroup;
			children = (
				4923C95324DD3F6100474A4F /* Base */,
			);
			name = LaunchScreen.storyboard;
			sourceTree = "<group>";
		};
/* End PBXVariantGroup section */

/* Begin XCBuildConfiguration section */
		4923C96124DD3F6100474A4F /* Debug */ = {
			isa = XCBuildConfiguration;
			buildSettings = {
				ALWAYS_SEARCH_USER_PATHS = NO;
				CLANG_ANALYZER_NONNULL = YES;
				CLANG_ANALYZER_NUMBER_OBJECT_CONVERSION = YES_AGGRESSIVE;
				CLANG_CXX_LANGUAGE_STANDARD = "gnu++14";
				CLANG_CXX_LIBRARY = "libc++";
				CLANG_ENABLE_MODULES = YES;
				CLANG_ENABLE_OBJC_ARC = YES;
				CLANG_ENABLE_OBJC_WEAK = YES;
				CLANG_WARN_BLOCK_CAPTURE_AUTORELEASING = YES;
				CLANG_WARN_BOOL_CONVERSION = YES;
				CLANG_WARN_COMMA = YES;
				CLANG_WARN_CONSTANT_CONVERSION = YES;
				CLANG_WARN_DEPRECATED_OBJC_IMPLEMENTATIONS = YES;
				CLANG_WARN_DIRECT_OBJC_ISA_USAGE = YES_ERROR;
				CLANG_WARN_DOCUMENTATION_COMMENTS = YES;
				CLANG_WARN_EMPTY_BODY = YES;
				CLANG_WARN_ENUM_CONVERSION = YES;
				CLANG_WARN_INFINITE_RECURSION = YES;
				CLANG_WARN_INT_CONVERSION = YES;
				CLANG_WARN_NON_LITERAL_NULL_CONVERSION = YES;
				CLANG_WARN_OBJC_IMPLICIT_RETAIN_SELF = YES;
				CLANG_WARN_OBJC_LITERAL_CONVERSION = YES;
				CLANG_WARN_OBJC_ROOT_CLASS = YES_ERROR;
				CLANG_WARN_RANGE_LOOP_ANALYSIS = YES;
				CLANG_WARN_STRICT_PROTOTYPES = YES;
				CLANG_WARN_SUSPICIOUS_MOVE = YES;
				CLANG_WARN_UNGUARDED_AVAILABILITY = YES_AGGRESSIVE;
				CLANG_WARN_UNREACHABLE_CODE = YES;
				CLANG_WARN__DUPLICATE_METHOD_MATCH = YES;
				COPY_PHASE_STRIP = NO;
				DEBUG_INFORMATION_FORMAT = dwarf;
				ENABLE_STRICT_OBJC_MSGSEND = YES;
				ENABLE_TESTABILITY = YES;
				GCC_C_LANGUAGE_STANDARD = gnu11;
				GCC_DYNAMIC_NO_PIC = NO;
				GCC_NO_COMMON_BLOCKS = YES;
				GCC_OPTIMIZATION_LEVEL = 0;
				GCC_PREPROCESSOR_DEFINITIONS = (
					"DEBUG=1",
					"$(inherited)",
				);
				GCC_WARN_64_TO_32_BIT_CONVERSION = YES;
				GCC_WARN_ABOUT_RETURN_TYPE = YES_ERROR;
				GCC_WARN_UNDECLARED_SELECTOR = YES;
				GCC_WARN_UNINITIALIZED_AUTOS = YES_AGGRESSIVE;
				GCC_WARN_UNUSED_FUNCTION = YES;
				GCC_WARN_UNUSED_VARIABLE = YES;
				IPHONEOS_DEPLOYMENT_TARGET = 13.5;
				MTL_ENABLE_DEBUG_INFO = INCLUDE_SOURCE;
				MTL_FAST_MATH = YES;
				ONLY_ACTIVE_ARCH = YES;
				SDKROOT = iphoneos;
				SWIFT_ACTIVE_COMPILATION_CONDITIONS = DEBUG;
				SWIFT_OPTIMIZATION_LEVEL = "-Onone";
			};
			name = Debug;
		};
		4923C96224DD3F6100474A4F /* Release */ = {
			isa = XCBuildConfiguration;
			buildSettings = {
				ALWAYS_SEARCH_USER_PATHS = NO;
				CLANG_ANALYZER_NONNULL = YES;
				CLANG_ANALYZER_NUMBER_OBJECT_CONVERSION = YES_AGGRESSIVE;
				CLANG_CXX_LANGUAGE_STANDARD = "gnu++14";
				CLANG_CXX_LIBRARY = "libc++";
				CLANG_ENABLE_MODULES = YES;
				CLANG_ENABLE_OBJC_ARC = YES;
				CLANG_ENABLE_OBJC_WEAK = YES;
				CLANG_WARN_BLOCK_CAPTURE_AUTORELEASING = YES;
				CLANG_WARN_BOOL_CONVERSION = YES;
				CLANG_WARN_COMMA = YES;
				CLANG_WARN_CONSTANT_CONVERSION = YES;
				CLANG_WARN_DEPRECATED_OBJC_IMPLEMENTATIONS = YES;
				CLANG_WARN_DIRECT_OBJC_ISA_USAGE = YES_ERROR;
				CLANG_WARN_DOCUMENTATION_COMMENTS = YES;
				CLANG_WARN_EMPTY_BODY = YES;
				CLANG_WARN_ENUM_CONVERSION = YES;
				CLANG_WARN_INFINITE_RECURSION = YES;
				CLANG_WARN_INT_CONVERSION = YES;
				CLANG_WARN_NON_LITERAL_NULL_CONVERSION = YES;
				CLANG_WARN_OBJC_IMPLICIT_RETAIN_SELF = YES;
				CLANG_WARN_OBJC_LITERAL_CONVERSION = YES;
				CLANG_WARN_OBJC_ROOT_CLASS = YES_ERROR;
				CLANG_WARN_RANGE_LOOP_ANALYSIS = YES;
				CLANG_WARN_STRICT_PROTOTYPES = YES;
				CLANG_WARN_SUSPICIOUS_MOVE = YES;
				CLANG_WARN_UNGUARDED_AVAILABILITY = YES_AGGRESSIVE;
				CLANG_WARN_UNREACHABLE_CODE = YES;
				CLANG_WARN__DUPLICATE_METHOD_MATCH = YES;
				COPY_PHASE_STRIP = NO;
				DEBUG_INFORMATION_FORMAT = "dwarf-with-dsym";
				ENABLE_NS_ASSERTIONS = NO;
				ENABLE_STRICT_OBJC_MSGSEND = YES;
				GCC_C_LANGUAGE_STANDARD = gnu11;
				GCC_NO_COMMON_BLOCKS = YES;
				GCC_WARN_64_TO_32_BIT_CONVERSION = YES;
				GCC_WARN_ABOUT_RETURN_TYPE = YES_ERROR;
				GCC_WARN_UNDECLARED_SELECTOR = YES;
				GCC_WARN_UNINITIALIZED_AUTOS = YES_AGGRESSIVE;
				GCC_WARN_UNUSED_FUNCTION = YES;
				GCC_WARN_UNUSED_VARIABLE = YES;
				IPHONEOS_DEPLOYMENT_TARGET = 13.5;
				MTL_ENABLE_DEBUG_INFO = NO;
				MTL_FAST_MATH = YES;
				SDKROOT = iphoneos;
				SWIFT_COMPILATION_MODE = wholemodule;
				SWIFT_OPTIMIZATION_LEVEL = "-O";
				VALIDATE_PRODUCT = YES;
			};
			name = Release;
		};
		4923C96424DD3F6100474A4F /* Debug */ = {
			isa = XCBuildConfiguration;
			buildSettings = {
				ASSETCATALOG_COMPILER_APPICON_NAME = AppIcon;
				CODE_SIGN_STYLE = Automatic;
				DEVELOPMENT_TEAM = S8TY89ZL5Q;
				INFOPLIST_FILE = TheVideoPlayer/Info.plist;
				IPHONEOS_DEPLOYMENT_TARGET = 13.0;
				LD_RUNPATH_SEARCH_PATHS = (
					"$(inherited)",
					"@executable_path/Frameworks",
				);
				PRODUCT_BUNDLE_IDENTIFIER = Knowit.TheVideoPlayer;
				PRODUCT_NAME = "$(TARGET_NAME)";
				SWIFT_VERSION = 5.0;
				TARGETED_DEVICE_FAMILY = "1,2";
			};
			name = Debug;
		};
		4923C96524DD3F6100474A4F /* Release */ = {
			isa = XCBuildConfiguration;
			buildSettings = {
				ASSETCATALOG_COMPILER_APPICON_NAME = AppIcon;
				CODE_SIGN_STYLE = Automatic;
				DEVELOPMENT_TEAM = S8TY89ZL5Q;
				INFOPLIST_FILE = TheVideoPlayer/Info.plist;
				IPHONEOS_DEPLOYMENT_TARGET = 13.0;
				LD_RUNPATH_SEARCH_PATHS = (
					"$(inherited)",
					"@executable_path/Frameworks",
				);
				PRODUCT_BUNDLE_IDENTIFIER = Knowit.TheVideoPlayer;
				PRODUCT_NAME = "$(TARGET_NAME)";
				SWIFT_VERSION = 5.0;
				TARGETED_DEVICE_FAMILY = "1,2";
			};
			name = Release;
		};
		4923C96724DD3F6100474A4F /* Debug */ = {
			isa = XCBuildConfiguration;
			buildSettings = {
				ALWAYS_EMBED_SWIFT_STANDARD_LIBRARIES = YES;
				BUNDLE_LOADER = "$(TEST_HOST)";
				CODE_SIGN_STYLE = Automatic;
				DEVELOPMENT_TEAM = S8TY89ZL5Q;
				INFOPLIST_FILE = TheVideoPlayerTests/Info.plist;
				IPHONEOS_DEPLOYMENT_TARGET = 13.5;
				LD_RUNPATH_SEARCH_PATHS = (
					"$(inherited)",
					"@executable_path/Frameworks",
					"@loader_path/Frameworks",
				);
				PRODUCT_BUNDLE_IDENTIFIER = Knowit.TheVideoPlayerTests;
				PRODUCT_NAME = "$(TARGET_NAME)";
				SWIFT_VERSION = 5.0;
				TARGETED_DEVICE_FAMILY = "1,2";
				TEST_HOST = "$(BUILT_PRODUCTS_DIR)/TheVideoPlayer.app/TheVideoPlayer";
			};
			name = Debug;
		};
		4923C96824DD3F6100474A4F /* Release */ = {
			isa = XCBuildConfiguration;
			buildSettings = {
				ALWAYS_EMBED_SWIFT_STANDARD_LIBRARIES = YES;
				BUNDLE_LOADER = "$(TEST_HOST)";
				CODE_SIGN_STYLE = Automatic;
				DEVELOPMENT_TEAM = S8TY89ZL5Q;
				INFOPLIST_FILE = TheVideoPlayerTests/Info.plist;
				IPHONEOS_DEPLOYMENT_TARGET = 13.5;
				LD_RUNPATH_SEARCH_PATHS = (
					"$(inherited)",
					"@executable_path/Frameworks",
					"@loader_path/Frameworks",
				);
				PRODUCT_BUNDLE_IDENTIFIER = Knowit.TheVideoPlayerTests;
				PRODUCT_NAME = "$(TARGET_NAME)";
				SWIFT_VERSION = 5.0;
				TARGETED_DEVICE_FAMILY = "1,2";
				TEST_HOST = "$(BUILT_PRODUCTS_DIR)/TheVideoPlayer.app/TheVideoPlayer";
			};
			name = Release;
		};
/* End XCBuildConfiguration section */

/* Begin XCConfigurationList section */
		4923C93F24DD3F5F00474A4F /* Build configuration list for PBXProject "TheVideoPlayer" */ = {
			isa = XCConfigurationList;
			buildConfigurations = (
				4923C96124DD3F6100474A4F /* Debug */,
				4923C96224DD3F6100474A4F /* Release */,
			);
			defaultConfigurationIsVisible = 0;
			defaultConfigurationName = Release;
		};
		4923C96324DD3F6100474A4F /* Build configuration list for PBXNativeTarget "TheVideoPlayer" */ = {
			isa = XCConfigurationList;
			buildConfigurations = (
				4923C96424DD3F6100474A4F /* Debug */,
				4923C96524DD3F6100474A4F /* Release */,
			);
			defaultConfigurationIsVisible = 0;
			defaultConfigurationName = Release;
		};
		4923C96624DD3F6100474A4F /* Build configuration list for PBXNativeTarget "TheVideoPlayerTests" */ = {
			isa = XCConfigurationList;
			buildConfigurations = (
				4923C96724DD3F6100474A4F /* Debug */,
				4923C96824DD3F6100474A4F /* Release */,
			);
			defaultConfigurationIsVisible = 0;
			defaultConfigurationName = Release;
		};
/* End XCConfigurationList section */
	};
	rootObject = 4923C93C24DD3F5F00474A4F /* Project object */;
}
